
Microsoft Visual Studio Solution File, Format Version 12.00
Project("{FAE04EC0-301F-11D3-BF4B-00C04F79EFBC}") = "ServerReports.Api", "ServerReports.Api\ServerReports.Api.csproj", "{A2221298-AEE1-44B5-B687-10AA5231057B}"
EndProject
Project("{FAE04EC0-301F-11D3-BF4B-00C04F79EFBC}") = "ServerReports.Infrastructure", "ServerReports.Infrastructure\ServerReports.Infrastructure.csproj", "{2E82D083-C76A-4939-8576-A02A58E9D87E}"
EndProject
Project("{FAE04EC0-301F-11D3-BF4B-00C04F79EFBC}") = "ServerReports.Core", "ServerReports.Core\ServerReports.Core.csproj", "{44C4DE89-4280-44D4-8DB7-15A2C5C8A923}"
EndProject
Global
	GlobalSection(SolutionConfigurationPlatforms) = preSolution
		Debug|Any CPU = Debug|Any CPU
		Release|Any CPU = Release|Any CPU
	EndGlobalSection
	GlobalSection(ProjectConfigurationPlatforms) = postSolution
		{A2221298-AEE1-44B5-B687-10AA5231057B}.Debug|Any CPU.ActiveCfg = Debug|Any CPU
		{A2221298-AEE1-44B5-B687-10AA5231057B}.Debug|Any CPU.Build.0 = Debug|Any CPU
		{A2221298-AEE1-44B5-B687-10AA5231057B}.Release|Any CPU.ActiveCfg = Release|Any CPU
		{A2221298-AEE1-44B5-B687-10AA5231057B}.Release|Any CPU.Build.0 = Release|Any CPU
		{2E82D083-C76A-4939-8576-A02A58E9D87E}.Debug|Any CPU.ActiveCfg = Debug|Any CPU
		{2E82D083-C76A-4939-8576-A02A58E9D87E}.Debug|Any CPU.Build.0 = Debug|Any CPU
		{2E82D083-C76A-4939-8576-A02A58E9D87E}.Release|Any CPU.ActiveCfg = Release|Any CPU
		{2E82D083-C76A-4939-8576-A02A58E9D87E}.Release|Any CPU.Build.0 = Release|Any CPU
		{44C4DE89-4280-44D4-8DB7-15A2C5C8A923}.Debug|Any CPU.ActiveCfg = Debug|Any CPU
		{44C4DE89-4280-44D4-8DB7-15A2C5C8A923}.Debug|Any CPU.Build.0 = Debug|Any CPU
		{44C4DE89-4280-44D4-8DB7-15A2C5C8A923}.Release|Any CPU.ActiveCfg = Release|Any CPU
		{44C4DE89-4280-44D4-8DB7-15A2C5C8A923}.Release|Any CPU.Build.0 = Release|Any CPU
	EndGlobalSection
EndGlobal
